
Microsoft Visual Studio Solution File, Format Version 12.00
# Visual Studio Version 17
VisualStudioVersion = 17.14.36518.9 d17.14
MinimumVisualStudioVersion = 10.0.40219.1
Project("{FAE04EC0-301F-11D3-BF4B-00C04F79EFBC}") = "BigLog_testing_project", "BigLog_testing_project.csproj", "{66933C4C-EED5-4D93-9148-5CB2C0712BE1}"
EndProject
Global
	GlobalSection(SolutionConfigurationPlatforms) = preSolution
		Debug|Any CPU = Debug|Any CPU
		Release|Any CPU = Release|Any CPU
	EndGlobalSection
	GlobalSection(ProjectConfigurationPlatforms) = postSolution
		{66933C4C-EED5-4D93-9148-5CB2C0712BE1}.Debug|Any CPU.ActiveCfg = Debug|Any CPU
		{66933C4C-EED5-4D93-9148-5CB2C0712BE1}.Debug|Any CPU.Build.0 = Debug|Any CPU
		{66933C4C-EED5-4D93-9148-5CB2C0712BE1}.Release|Any CPU.ActiveCfg = Release|Any CPU
		{66933C4C-EED5-4D93-9148-5CB2C0712BE1}.Release|Any CPU.Build.0 = Release|Any CPU
	EndGlobalSection
	GlobalSection(SolutionProperties) = preSolution
		HideSolutionNode = FALSE
	EndGlobalSection
	GlobalSection(ExtensibilityGlobals) = postSolution
		SolutionGuid = {EBCF8065-FBB6-4582-A69E-80FC9EF97C6B}
	EndGlobalSection
EndGlobal
